
Microsoft Visual Studio Solution File, Format Version 12.00
# Visual Studio Version 17
VisualStudioVersion = 17.5.33530.505
MinimumVisualStudioVersion = 10.0.40219.1
Project("{9A19103F-16F7-4668-BE54-9A1E7A4F7556}") = "InventoryAppV3copy", "InventoryAppV3copy.csproj", "{43924B6F-13C2-44D2-A66D-9EE3E5BB3BD9}"
EndProject
Global
	GlobalSection(SolutionConfigurationPlatforms) = preSolution
		Debug|Any CPU = Debug|Any CPU
		Release|Any CPU = Release|Any CPU
	EndGlobalSection
	GlobalSection(ProjectConfigurationPlatforms) = postSolution
		{43924B6F-13C2-44D2-A66D-9EE3E5BB3BD9}.Debug|Any CPU.ActiveCfg = Debug|Any CPU
		{43924B6F-13C2-44D2-A66D-9EE3E5BB3BD9}.Debug|Any CPU.Build.0 = Debug|Any CPU
		{43924B6F-13C2-44D2-A66D-9EE3E5BB3BD9}.Release|Any CPU.ActiveCfg = Release|Any CPU
		{43924B6F-13C2-44D2-A66D-9EE3E5BB3BD9}.Release|Any CPU.Build.0 = Release|Any CPU
	EndGlobalSection
	GlobalSection(SolutionProperties) = preSolution
		HideSolutionNode = FALSE
	EndGlobalSection
	GlobalSection(ExtensibilityGlobals) = postSolution
		SolutionGuid = {6D225F81-2E3A-47C4-A27E-0C19A1CD789A}
	EndGlobalSection
EndGlobal
